// !$*UTF8*$!
{
	archiveVersion = 1;
	classes = {
	};
	objectVersion = 46;
	objects = {

/* Begin PBXBuildFile section */
		E3B8103B1EF9FB3400A4BF38 /* AppDelegate.swift in Sources */ = {isa = PBXBuildFile; fileRef = E3B8103A1EF9FB3400A4BF38 /* AppDelegate.swift */; };
		E3B8103D1EF9FB3400A4BF38 /* ViewController.swift in Sources */ = {isa = PBXBuildFile; fileRef = E3B8103C1EF9FB3400A4BF38 /* ViewController.swift */; };
		E3B810401EF9FB3400A4BF38 /* Main.storyboard in Resources */ = {isa = PBXBuildFile; fileRef = E3B8103E1EF9FB3400A4BF38 /* Main.storyboard */; };
		E3B810421EF9FB3400A4BF38 /* Assets.xcassets in Resources */ = {isa = PBXBuildFile; fileRef = E3B810411EF9FB3400A4BF38 /* Assets.xcassets */; };
		E3B810451EF9FB3400A4BF38 /* LaunchScreen.storyboard in Resources */ = {isa = PBXBuildFile; fileRef = E3B810431EF9FB3400A4BF38 /* LaunchScreen.storyboard */; };
		E3B8104E1EF9FFE900A4BF38 /* homeViewController.swift in Sources */ = {isa = PBXBuildFile; fileRef = E3B8104D1EF9FFE800A4BF38 /* homeViewController.swift */; };
		E3B810511EFB488800A4BF38 /* WebViewController.swift in Sources */ = {isa = PBXBuildFile; fileRef = E3B810501EFB488800A4BF38 /* WebViewController.swift */; };
		E3B810561EFB49D200A4BF38 /* Drop.swift in Sources */ = {isa = PBXBuildFile; fileRef = E3B810551EFB49D200A4BF38 /* Drop.swift */; };
		E3B810581EFB4A2300A4BF38 /* ReTabBarController.swift in Sources */ = {isa = PBXBuildFile; fileRef = E3B810571EFB4A2300A4BF38 /* ReTabBarController.swift */; };
		E3B8105A1EFB4A9000A4BF38 /* Common.swift in Sources */ = {isa = PBXBuildFile; fileRef = E3B810591EFB4A9000A4BF38 /* Common.swift */; };
		E3B810631EFB4F9D00A4BF38 /* ForumTableViewController.swift in Sources */ = {isa = PBXBuildFile; fileRef = E3B810621EFB4F9D00A4BF38 /* ForumTableViewController.swift */; };
		E3B810661EFB5F4100A4BF38 /* FindTableViewController.swift in Sources */ = {isa = PBXBuildFile; fileRef = E3B810651EFB5F4100A4BF38 /* FindTableViewController.swift */; };
		E3B810691EFB622400A4BF38 /* BrandProductCell.swift in Sources */ = {isa = PBXBuildFile; fileRef = E3B810681EFB622400A4BF38 /* BrandProductCell.swift */; };
		E3C9F20E1F04AD06005BCB88 /* ProductNavigationBar.swift in Sources */ = {isa = PBXBuildFile; fileRef = E3C9F20D1F04AD06005BCB88 /* ProductNavigationBar.swift */; };
		E3C9F2101F04D833005BCB88 /* ProductInfoView.swift in Sources */ = {isa = PBXBuildFile; fileRef = E3C9F20F1F04D833005BCB88 /* ProductInfoView.swift */; };
		E3E818B91EFCCE8C007ADD18 /* MineTableViewController.swift in Sources */ = {isa = PBXBuildFile; fileRef = E3E818B81EFCCE8C007ADD18 /* MineTableViewController.swift */; };
		E3E818BD1EFCD05C007ADD18 /* JXButton.m in Sources */ = {isa = PBXBuildFile; fileRef = E3E818BC1EFCD05C007ADD18 /* JXButton.m */; };
		E3E818BF1EFCE611007ADD18 /* LanuchViewController.swift in Sources */ = {isa = PBXBuildFile; fileRef = E3E818BE1EFCE611007ADD18 /* LanuchViewController.swift */; };
		E3E818C11EFD17BE007ADD18 /* BrandTableViewController.swift in Sources */ = {isa = PBXBuildFile; fileRef = E3E818C01EFD17BE007ADD18 /* BrandTableViewController.swift */; };
		E3E818C31EFD1B2A007ADD18 /* BrandInfoViewController.swift in Sources */ = {isa = PBXBuildFile; fileRef = E3E818C21EFD1B2A007ADD18 /* BrandInfoViewController.swift */; };
		E3E818C51EFE071A007ADD18 /* CommonFunction.swift in Sources */ = {isa = PBXBuildFile; fileRef = E3E818C41EFE071A007ADD18 /* CommonFunction.swift */; };
		E3E818C71EFE0918007ADD18 /* HotCollectionViewCell.swift in Sources */ = {isa = PBXBuildFile; fileRef = E3E818C61EFE0918007ADD18 /* HotCollectionViewCell.swift */; };
		E3E818C91EFE09EF007ADD18 /* ColorUtility.swift in Sources */ = {isa = PBXBuildFile; fileRef = E3E818C81EFE09EF007ADD18 /* ColorUtility.swift */; };
		E3E818CB1EFE12B8007ADD18 /* ProductInfoViewController.swift in Sources */ = {isa = PBXBuildFile; fileRef = E3E818CA1EFE12B8007ADD18 /* ProductInfoViewController.swift */; };
		E3E818CE1EFE183D007ADD18 /* ImpressView.swift in Sources */ = {isa = PBXBuildFile; fileRef = E3E818CD1EFE183D007ADD18 /* ImpressView.swift */; };
/* End PBXBuildFile section */

/* Begin PBXFileReference section */
		E3B810371EF9FB3400A4BF38 /* 1234567.app */ = {isa = PBXFileReference; explicitFileType = wrapper.application; includeInIndex = 0; path = 1234567.app; sourceTree = BUILT_PRODUCTS_DIR; };
		E3B8103A1EF9FB3400A4BF38 /* AppDelegate.swift */ = {isa = PBXFileReference; lastKnownFileType = sourcecode.swift; path = AppDelegate.swift; sourceTree = "<group>"; };
		E3B8103C1EF9FB3400A4BF38 /* ViewController.swift */ = {isa = PBXFileReference; lastKnownFileType = sourcecode.swift; path = ViewController.swift; sourceTree = "<group>"; };
		E3B8103F1EF9FB3400A4BF38 /* Base */ = {isa = PBXFileReference; lastKnownFileType = file.storyboard; name = Base; path = Base.lproj/Main.storyboard; sourceTree = "<group>"; };
		E3B810411EF9FB3400A4BF38 /* Assets.xcassets */ = {isa = PBXFileReference; lastKnownFileType = folder.assetcatalog; path = Assets.xcassets; sourceTree = "<group>"; };
		E3B810441EF9FB3400A4BF38 /* Base */ = {isa = PBXFileReference; lastKnownFileType = file.storyboard; name = Base; path = Base.lproj/LaunchScreen.storyboard; sourceTree = "<group>"; };
		E3B810461EF9FB3400A4BF38 /* Info.plist */ = {isa = PBXFileReference; lastKnownFileType = text.plist.xml; path = Info.plist; sourceTree = "<group>"; };
		E3B8104D1EF9FFE800A4BF38 /* homeViewController.swift */ = {isa = PBXFileReference; fileEncoding = 4; lastKnownFileType = sourcecode.swift; name = homeViewController.swift; path = home/homeViewController.swift; sourceTree = "<group>"; };
		E3B810501EFB488800A4BF38 /* WebViewController.swift */ = {isa = PBXFileReference; fileEncoding = 4; lastKnownFileType = sourcecode.swift; name = WebViewController.swift; path = web/WebViewController.swift; sourceTree = "<group>"; };
		E3B810551EFB49D200A4BF38 /* Drop.swift */ = {isa = PBXFileReference; fileEncoding = 4; lastKnownFileType = sourcecode.swift; name = Drop.swift; path = Extension/Drop.swift; sourceTree = "<group>"; };
		E3B810571EFB4A2300A4BF38 /* ReTabBarController.swift */ = {isa = PBXFileReference; fileEncoding = 4; lastKnownFileType = sourcecode.swift; name = ReTabBarController.swift; path = Extension/ReTabBarController.swift; sourceTree = "<group>"; };
		E3B810591EFB4A9000A4BF38 /* Common.swift */ = {isa = PBXFileReference; fileEncoding = 4; lastKnownFileType = sourcecode.swift; path = Common.swift; sourceTree = "<group>"; };
		E3B8105B1EFB4B7100A4BF38 /* 1234567-Bridging-Header.h */ = {isa = PBXFileReference; lastKnownFileType = sourcecode.c.h; path = "1234567-Bridging-Header.h"; sourceTree = "<group>"; };
		E3B810621EFB4F9D00A4BF38 /* ForumTableViewController.swift */ = {isa = PBXFileReference; fileEncoding = 4; lastKnownFileType = sourcecode.swift; name = ForumTableViewController.swift; path = forum/ForumTableViewController.swift; sourceTree = "<group>"; };
		E3B810651EFB5F4100A4BF38 /* FindTableViewController.swift */ = {isa = PBXFileReference; fileEncoding = 4; lastKnownFileType = sourcecode.swift; name = FindTableViewController.swift; path = find/FindTableViewController.swift; sourceTree = "<group>"; };
		E3B810681EFB622400A4BF38 /* BrandProductCell.swift */ = {isa = PBXFileReference; fileEncoding = 4; lastKnownFileType = sourcecode.swift; name = BrandProductCell.swift; path = customCell/BrandProductCell.swift; sourceTree = "<group>"; };
		E3C9F20D1F04AD06005BCB88 /* ProductNavigationBar.swift */ = {isa = PBXFileReference; fileEncoding = 4; lastKnownFileType = sourcecode.swift; name = ProductNavigationBar.swift; path = customView/ProductNavigationBar.swift; sourceTree = "<group>"; };
		E3C9F20F1F04D833005BCB88 /* ProductInfoView.swift */ = {isa = PBXFileReference; fileEncoding = 4; lastKnownFileType = sourcecode.swift; name = ProductInfoView.swift; path = customView/ProductInfoView.swift; sourceTree = "<group>"; };
		E3E818B81EFCCE8C007ADD18 /* MineTableViewController.swift */ = {isa = PBXFileReference; fileEncoding = 4; lastKnownFileType = sourcecode.swift; name = MineTableViewController.swift; path = mine/MineTableViewController.swift; sourceTree = "<group>"; };
		E3E818BB1EFCD05C007ADD18 /* JXButton.h */ = {isa = PBXFileReference; fileEncoding = 4; lastKnownFileType = sourcecode.c.h; path = JXButton.h; sourceTree = "<group>"; };
		E3E818BC1EFCD05C007ADD18 /* JXButton.m */ = {isa = PBXFileReference; fileEncoding = 4; lastKnownFileType = sourcecode.c.objc; path = JXButton.m; sourceTree = "<group>"; };
		E3E818BE1EFCE611007ADD18 /* LanuchViewController.swift */ = {isa = PBXFileReference; fileEncoding = 4; lastKnownFileType = sourcecode.swift; name = LanuchViewController.swift; path = home/LanuchViewController.swift; sourceTree = "<group>"; };
		E3E818C01EFD17BE007ADD18 /* BrandTableViewController.swift */ = {isa = PBXFileReference; fileEncoding = 4; lastKnownFileType = sourcecode.swift; name = BrandTableViewController.swift; path = find/BrandTableViewController.swift; sourceTree = "<group>"; };
		E3E818C21EFD1B2A007ADD18 /* BrandInfoViewController.swift */ = {isa = PBXFileReference; fileEncoding = 4; lastKnownFileType = sourcecode.swift; name = BrandInfoViewController.swift; path = find/BrandInfoViewController.swift; sourceTree = "<group>"; };
		E3E818C41EFE071A007ADD18 /* CommonFunction.swift */ = {isa = PBXFileReference; fileEncoding = 4; lastKnownFileType = sourcecode.swift; path = CommonFunction.swift; sourceTree = "<group>"; };
		E3E818C61EFE0918007ADD18 /* HotCollectionViewCell.swift */ = {isa = PBXFileReference; fileEncoding = 4; lastKnownFileType = sourcecode.swift; name = HotCollectionViewCell.swift; path = customCell/HotCollectionViewCell.swift; sourceTree = "<group>"; };
		E3E818C81EFE09EF007ADD18 /* ColorUtility.swift */ = {isa = PBXFileReference; fileEncoding = 4; lastKnownFileType = sourcecode.swift; name = ColorUtility.swift; path = Extension/ColorUtility.swift; sourceTree = "<group>"; };
		E3E818CA1EFE12B8007ADD18 /* ProductInfoViewController.swift */ = {isa = PBXFileReference; fileEncoding = 4; lastKnownFileType = sourcecode.swift; name = ProductInfoViewController.swift; path = find/ProductInfoViewController.swift; sourceTree = "<group>"; };
		E3E818CD1EFE183D007ADD18 /* ImpressView.swift */ = {isa = PBXFileReference; fileEncoding = 4; lastKnownFileType = sourcecode.swift; name = ImpressView.swift; path = customView/ImpressView.swift; sourceTree = "<group>"; };
/* End PBXFileReference section */

/* Begin PBXFrameworksBuildPhase section */
		E3B810341EF9FB3400A4BF38 /* Frameworks */ = {
			isa = PBXFrameworksBuildPhase;
			buildActionMask = 2147483647;
			files = (
			);
			runOnlyForDeploymentPostprocessing = 0;
		};
/* End PBXFrameworksBuildPhase section */

/* Begin PBXGroup section */
		E3B8102E1EF9FB3400A4BF38 = {
			isa = PBXGroup;
			children = (
				E3B810391EF9FB3400A4BF38 /* 1234567 */,
				E3B810381EF9FB3400A4BF38 /* Products */,
			);
			sourceTree = "<group>";
		};
		E3B810381EF9FB3400A4BF38 /* Products */ = {
			isa = PBXGroup;
			children = (
				E3B810371EF9FB3400A4BF38 /* 1234567.app */,
			);
			name = Products;
			sourceTree = "<group>";
		};
		E3B810391EF9FB3400A4BF38 /* 1234567 */ = {
			isa = PBXGroup;
			children = (
				E3E818CC1EFE17F4007ADD18 /* customView */,
				E3E818B71EFCCE6D007ADD18 /* mine */,
				E3B810671EFB61E900A4BF38 /* customCell */,
				E3B810641EFB5F2700A4BF38 /* find */,
				E3B8105F1EFB4EC300A4BF38 /* forum */,
				E3B810591EFB4A9000A4BF38 /* Common.swift */,
				E3B810541EFB49A500A4BF38 /* Extension */,
				E3B8104F1EFB487000A4BF38 /* web */,
				E3B8104C1EF9FFCD00A4BF38 /* home */,
				E3B8103A1EF9FB3400A4BF38 /* AppDelegate.swift */,
				E3B8103C1EF9FB3400A4BF38 /* ViewController.swift */,
				E3B8103E1EF9FB3400A4BF38 /* Main.storyboard */,
				E3B810411EF9FB3400A4BF38 /* Assets.xcassets */,
				E3B810431EF9FB3400A4BF38 /* LaunchScreen.storyboard */,
				E3B810461EF9FB3400A4BF38 /* Info.plist */,
				E3B8105B1EFB4B7100A4BF38 /* 1234567-Bridging-Header.h */,
				E3E818C41EFE071A007ADD18 /* CommonFunction.swift */,
			);
			path = 1234567;
			sourceTree = "<group>";
		};
		E3B8104C1EF9FFCD00A4BF38 /* home */ = {
			isa = PBXGroup;
			children = (
				E3B8104D1EF9FFE800A4BF38 /* homeViewController.swift */,
				E3E818BE1EFCE611007ADD18 /* LanuchViewController.swift */,
			);
			name = home;
			sourceTree = "<group>";
		};
		E3B8104F1EFB487000A4BF38 /* web */ = {
			isa = PBXGroup;
			children = (
				E3B810501EFB488800A4BF38 /* WebViewController.swift */,
			);
			name = web;
			sourceTree = "<group>";
		};
		E3B810541EFB49A500A4BF38 /* Extension */ = {
			isa = PBXGroup;
			children = (
				E3E818C81EFE09EF007ADD18 /* ColorUtility.swift */,
				E3E818BA1EFCD05C007ADD18 /* JXButton */,
				E3B810551EFB49D200A4BF38 /* Drop.swift */,
				E3B810571EFB4A2300A4BF38 /* ReTabBarController.swift */,
			);
			name = Extension;
			sourceTree = "<group>";
		};
		E3B8105F1EFB4EC300A4BF38 /* forum */ = {
			isa = PBXGroup;
			children = (
				E3B810621EFB4F9D00A4BF38 /* ForumTableViewController.swift */,
			);
			name = forum;
			sourceTree = "<group>";
		};
		E3B810641EFB5F2700A4BF38 /* find */ = {
			isa = PBXGroup;
			children = (
				E3B810651EFB5F4100A4BF38 /* FindTableViewController.swift */,
				E3E818C01EFD17BE007ADD18 /* BrandTableViewController.swift */,
				E3E818C21EFD1B2A007ADD18 /* BrandInfoViewController.swift */,
				E3E818CA1EFE12B8007ADD18 /* ProductInfoViewController.swift */,
			);
			name = find;
			sourceTree = "<group>";
		};
		E3B810671EFB61E900A4BF38 /* customCell */ = {
			isa = PBXGroup;
			children = (
				E3B810681EFB622400A4BF38 /* BrandProductCell.swift */,
				E3E818C61EFE0918007ADD18 /* HotCollectionViewCell.swift */,
			);
			name = customCell;
			sourceTree = "<group>";
		};
		E3E818B71EFCCE6D007ADD18 /* mine */ = {
			isa = PBXGroup;
			children = (
				E3E818B81EFCCE8C007ADD18 /* MineTableViewController.swift */,
			);
			name = mine;
			sourceTree = "<group>";
		};
		E3E818BA1EFCD05C007ADD18 /* JXButton */ = {
			isa = PBXGroup;
			children = (
				E3E818BB1EFCD05C007ADD18 /* JXButton.h */,
				E3E818BC1EFCD05C007ADD18 /* JXButton.m */,
			);
			name = JXButton;
			path = Extension/JXButton;
			sourceTree = "<group>";
		};
		E3E818CC1EFE17F4007ADD18 /* customView */ = {
			isa = PBXGroup;
			children = (
				E3E818CD1EFE183D007ADD18 /* ImpressView.swift */,
				E3C9F20D1F04AD06005BCB88 /* ProductNavigationBar.swift */,
				E3C9F20F1F04D833005BCB88 /* ProductInfoView.swift */,
			);
			name = customView;
			sourceTree = "<group>";
		};
/* End PBXGroup section */

/* Begin PBXNativeTarget section */
		E3B810361EF9FB3400A4BF38 /* 1234567 */ = {
			isa = PBXNativeTarget;
			buildConfigurationList = E3B810491EF9FB3400A4BF38 /* Build configuration list for PBXNativeTarget "1234567" */;
			buildPhases = (
				E3B810331EF9FB3400A4BF38 /* Sources */,
				E3B810341EF9FB3400A4BF38 /* Frameworks */,
				E3B810351EF9FB3400A4BF38 /* Resources */,
			);
			buildRules = (
			);
			dependencies = (
			);
			name = 1234567;
			productName = 1234567;
			productReference = E3B810371EF9FB3400A4BF38 /* 1234567.app */;
			productType = "com.apple.product-type.application";
		};
/* End PBXNativeTarget section */

/* Begin PBXProject section */
		E3B8102F1EF9FB3400A4BF38 /* Project object */ = {
			isa = PBXProject;
			attributes = {
				LastSwiftUpdateCheck = 0830;
				LastUpgradeCheck = 0830;
				ORGANIZATIONNAME = "De Peng Li";
				TargetAttributes = {
					E3B810361EF9FB3400A4BF38 = {
						CreatedOnToolsVersion = 8.3.3;
						DevelopmentTeam = EG6F4X76GM;
						LastSwiftMigration = 0830;
						ProvisioningStyle = Automatic;
					};
				};
			};
			buildConfigurationList = E3B810321EF9FB3400A4BF38 /* Build configuration list for PBXProject "1234567" */;
			compatibilityVersion = "Xcode 3.2";
			developmentRegion = English;
			hasScannedForEncodings = 0;
			knownRegions = (
				en,
				Base,
			);
			mainGroup = E3B8102E1EF9FB3400A4BF38;
			productRefGroup = E3B810381EF9FB3400A4BF38 /* Products */;
			projectDirPath = "";
			projectRoot = "";
			targets = (
				E3B810361EF9FB3400A4BF38 /* 1234567 */,
			);
		};
/* End PBXProject section */

/* Begin PBXResourcesBuildPhase section */
		E3B810351EF9FB3400A4BF38 /* Resources */ = {
			isa = PBXResourcesBuildPhase;
			buildActionMask = 2147483647;
			files = (
				E3B810451EF9FB3400A4BF38 /* LaunchScreen.storyboard in Resources */,
				E3B810421EF9FB3400A4BF38 /* Assets.xcassets in Resources */,
				E3B810401EF9FB3400A4BF38 /* Main.storyboard in Resources */,
			);
			runOnlyForDeploymentPostprocessing = 0;
		};
/* End PBXResourcesBuildPhase section */

/* Begin PBXSourcesBuildPhase section */
		E3B810331EF9FB3400A4BF38 /* Sources */ = {
			isa = PBXSourcesBuildPhase;
			buildActionMask = 2147483647;
			files = (
				E3B810661EFB5F4100A4BF38 /* FindTableViewController.swift in Sources */,
				E3E818C71EFE0918007ADD18 /* HotCollectionViewCell.swift in Sources */,
				E3E818CE1EFE183D007ADD18 /* ImpressView.swift in Sources */,
				E3E818C91EFE09EF007ADD18 /* ColorUtility.swift in Sources */,
				E3B810631EFB4F9D00A4BF38 /* ForumTableViewController.swift in Sources */,
				E3E818B91EFCCE8C007ADD18 /* MineTableViewController.swift in Sources */,
				E3B8103D1EF9FB3400A4BF38 /* ViewController.swift in Sources */,
				E3B8104E1EF9FFE900A4BF38 /* homeViewController.swift in Sources */,
				E3B8103B1EF9FB3400A4BF38 /* AppDelegate.swift in Sources */,
				E3E818C31EFD1B2A007ADD18 /* BrandInfoViewController.swift in Sources */,
				E3B810561EFB49D200A4BF38 /* Drop.swift in Sources */,
				E3C9F20E1F04AD06005BCB88 /* ProductNavigationBar.swift in Sources */,
				E3E818BD1EFCD05C007ADD18 /* JXButton.m in Sources */,
				E3B810581EFB4A2300A4BF38 /* ReTabBarController.swift in Sources */,
				E3C9F2101F04D833005BCB88 /* ProductInfoView.swift in Sources */,
				E3E818CB1EFE12B8007ADD18 /* ProductInfoViewController.swift in Sources */,
				E3E818C11EFD17BE007ADD18 /* BrandTableViewController.swift in Sources */,
				E3B810511EFB488800A4BF38 /* WebViewController.swift in Sources */,
				E3E818BF1EFCE611007ADD18 /* LanuchViewController.swift in Sources */,
				E3B8105A1EFB4A9000A4BF38 /* Common.swift in Sources */,
				E3E818C51EFE071A007ADD18 /* CommonFunction.swift in Sources */,
				E3B810691EFB622400A4BF38 /* BrandProductCell.swift in Sources */,
			);
			runOnlyForDeploymentPostprocessing = 0;
		};
/* End PBXSourcesBuildPhase section */

/* Begin PBXVariantGroup section */
		E3B8103E1EF9FB3400A4BF38 /* Main.storyboard */ = {
			isa = PBXVariantGroup;
			children = (
				E3B8103F1EF9FB3400A4BF38 /* Base */,
			);
			name = Main.storyboard;
			sourceTree = "<group>";
		};
		E3B810431EF9FB3400A4BF38 /* LaunchScreen.storyboard */ = {
			isa = PBXVariantGroup;
			children = (
				E3B810441EF9FB3400A4BF38 /* Base */,
			);
			name = LaunchScreen.storyboard;
			sourceTree = "<group>";
		};
/* End PBXVariantGroup section */

/* Begin XCBuildConfiguration section */
		E3B810471EF9FB3400A4BF38 /* Debug */ = {
			isa = XCBuildConfiguration;
			buildSettings = {
				ALWAYS_SEARCH_USER_PATHS = NO;
				CLANG_ANALYZER_NONNULL = YES;
				CLANG_ANALYZER_NUMBER_OBJECT_CONVERSION = YES_AGGRESSIVE;
				CLANG_CXX_LANGUAGE_STANDARD = "gnu++0x";
				CLANG_CXX_LIBRARY = "libc++";
				CLANG_ENABLE_MODULES = YES;
				CLANG_ENABLE_OBJC_ARC = YES;
				CLANG_WARN_BOOL_CONVERSION = YES;
				CLANG_WARN_CONSTANT_CONVERSION = YES;
				CLANG_WARN_DIRECT_OBJC_ISA_USAGE = YES_ERROR;
				CLANG_WARN_DOCUMENTATION_COMMENTS = YES;
				CLANG_WARN_EMPTY_BODY = YES;
				CLANG_WARN_ENUM_CONVERSION = YES;
				CLANG_WARN_INFINITE_RECURSION = YES;
				CLANG_WARN_INT_CONVERSION = YES;
				CLANG_WARN_OBJC_ROOT_CLASS = YES_ERROR;
				CLANG_WARN_SUSPICIOUS_MOVE = YES;
				CLANG_WARN_UNREACHABLE_CODE = YES;
				CLANG_WARN__DUPLICATE_METHOD_MATCH = YES;
				"CODE_SIGN_IDENTITY[sdk=iphoneos*]" = "iPhone Developer";
				COPY_PHASE_STRIP = NO;
				DEBUG_INFORMATION_FORMAT = dwarf;
				ENABLE_STRICT_OBJC_MSGSEND = YES;
				ENABLE_TESTABILITY = YES;
				GCC_C_LANGUAGE_STANDARD = gnu99;
				GCC_DYNAMIC_NO_PIC = NO;
				GCC_NO_COMMON_BLOCKS = YES;
				GCC_OPTIMIZATION_LEVEL = 0;
				GCC_PREPROCESSOR_DEFINITIONS = (
					"DEBUG=1",
					"$(inherited)",
				);
				GCC_WARN_64_TO_32_BIT_CONVERSION = YES;
				GCC_WARN_ABOUT_RETURN_TYPE = YES_ERROR;
				GCC_WARN_UNDECLARED_SELECTOR = YES;
				GCC_WARN_UNINITIALIZED_AUTOS = YES_AGGRESSIVE;
				GCC_WARN_UNUSED_FUNCTION = YES;
				GCC_WARN_UNUSED_VARIABLE = YES;
				IPHONEOS_DEPLOYMENT_TARGET = 10.3;
				MTL_ENABLE_DEBUG_INFO = YES;
				ONLY_ACTIVE_ARCH = YES;
				SDKROOT = iphoneos;
				SWIFT_ACTIVE_COMPILATION_CONDITIONS = DEBUG;
				SWIFT_OPTIMIZATION_LEVEL = "-Onone";
			};
			name = Debug;
		};
		E3B810481EF9FB3400A4BF38 /* Release */ = {
			isa = XCBuildConfiguration;
			buildSettings = {
				ALWAYS_SEARCH_USER_PATHS = NO;
				CLANG_ANALYZER_NONNULL = YES;
				CLANG_ANALYZER_NUMBER_OBJECT_CONVERSION = YES_AGGRESSIVE;
				CLANG_CXX_LANGUAGE_STANDARD = "gnu++0x";
				CLANG_CXX_LIBRARY = "libc++";
				CLANG_ENABLE_MODULES = YES;
				CLANG_ENABLE_OBJC_ARC = YES;
				CLANG_WARN_BOOL_CONVERSION = YES;
				CLANG_WARN_CONSTANT_CONVERSION = YES;
				CLANG_WARN_DIRECT_OBJC_ISA_USAGE = YES_ERROR;
				CLANG_WARN_DOCUMENTATION_COMMENTS = YES;
				CLANG_WARN_EMPTY_BODY = YES;
				CLANG_WARN_ENUM_CONVERSION = YES;
				CLANG_WARN_INFINITE_RECURSION = YES;
				CLANG_WARN_INT_CONVERSION = YES;
				CLANG_WARN_OBJC_ROOT_CLASS = YES_ERROR;
				CLANG_WARN_SUSPICIOUS_MOVE = YES;
				CLANG_WARN_UNREACHABLE_CODE = YES;
				CLANG_WARN__DUPLICATE_METHOD_MATCH = YES;
				"CODE_SIGN_IDENTITY[sdk=iphoneos*]" = "iPhone Developer";
				COPY_PHASE_STRIP = NO;
				DEBUG_INFORMATION_FORMAT = "dwarf-with-dsym";
				ENABLE_NS_ASSERTIONS = NO;
				ENABLE_STRICT_OBJC_MSGSEND = YES;
				GCC_C_LANGUAGE_STANDARD = gnu99;
				GCC_NO_COMMON_BLOCKS = YES;
				GCC_WARN_64_TO_32_BIT_CONVERSION = YES;
				GCC_WARN_ABOUT_RETURN_TYPE = YES_ERROR;
				GCC_WARN_UNDECLARED_SELECTOR = YES;
				GCC_WARN_UNINITIALIZED_AUTOS = YES_AGGRESSIVE;
				GCC_WARN_UNUSED_FUNCTION = YES;
				GCC_WARN_UNUSED_VARIABLE = YES;
				IPHONEOS_DEPLOYMENT_TARGET = 10.3;
				MTL_ENABLE_DEBUG_INFO = NO;
				SDKROOT = iphoneos;
				SWIFT_OPTIMIZATION_LEVEL = "-Owholemodule";
				VALIDATE_PRODUCT = YES;
			};
			name = Release;
		};
		E3B8104A1EF9FB3400A4BF38 /* Debug */ = {
			isa = XCBuildConfiguration;
			buildSettings = {
				ASSETCATALOG_COMPILER_APPICON_NAME = AppIcon;
				CLANG_ENABLE_MODULES = YES;
				DEVELOPMENT_TEAM = EG6F4X76GM;
				INFOPLIST_FILE = 1234567/Info.plist;
				IPHONEOS_DEPLOYMENT_TARGET = 8.0;
				LD_RUNPATH_SEARCH_PATHS = "$(inherited) @executable_path/Frameworks";
				PRODUCT_BUNDLE_IDENTIFIER = com.fieldlee.instrumentFormu;
				PRODUCT_NAME = "$(TARGET_NAME)";
				SWIFT_OBJC_BRIDGING_HEADER = "1234567/1234567-Bridging-Header.h";
				SWIFT_OPTIMIZATION_LEVEL = "-Onone";
				SWIFT_VERSION = 3.0;
			};
			name = Debug;
		};
		E3B8104B1EF9FB3400A4BF38 /* Release */ = {
			isa = XCBuildConfiguration;
			buildSettings = {
				ASSETCATALOG_COMPILER_APPICON_NAME = AppIcon;
				CLANG_ENABLE_MODULES = YES;
				DEVELOPMENT_TEAM = EG6F4X76GM;
				INFOPLIST_FILE = 1234567/Info.plist;
				IPHONEOS_DEPLOYMENT_TARGET = 8.0;
				LD_RUNPATH_SEARCH_PATHS = "$(inherited) @executable_path/Frameworks";
				PRODUCT_BUNDLE_IDENTIFIER = com.fieldlee.instrumentFormu;
				PRODUCT_NAME = "$(TARGET_NAME)";
				SWIFT_OBJC_BRIDGING_HEADER = "1234567/1234567-Bridging-Header.h";
				SWIFT_VERSION = 3.0;
			};
			name = Release;
		};
/* End XCBuildConfiguration section */

/* Begin XCConfigurationList section */
		E3B810321EF9FB3400A4BF38 /* Build configuration list for PBXProject "1234567" */ = {
			isa = XCConfigurationList;
			buildConfigurations = (
				E3B810471EF9FB3400A4BF38 /* Debug */,
				E3B810481EF9FB3400A4BF38 /* Release */,
			);
			defaultConfigurationIsVisible = 0;
			defaultConfigurationName = Release;
		};
		E3B810491EF9FB3400A4BF38 /* Build configuration list for PBXNativeTarget "1234567" */ = {
			isa = XCConfigurationList;
			buildConfigurations = (
				E3B8104A1EF9FB3400A4BF38 /* Debug */,
				E3B8104B1EF9FB3400A4BF38 /* Release */,
			);
			defaultConfigurationIsVisible = 0;
			defaultConfigurationName = Release;
		};
/* End XCConfigurationList section */
	};
	rootObject = E3B8102F1EF9FB3400A4BF38 /* Project object */;
}
